
Microsoft Visual Studio Solution File, Format Version 12.00
# Visual Studio Version 17
VisualStudioVersion = 17.5.33530.505
MinimumVisualStudioVersion = 10.0.40219.1
Project("{FAE04EC0-301F-11D3-BF4B-00C04F79EFBC}") = "KeyRemapro", "KeyRemapro\KeyRemapro.csproj", "{600A3262-FBDD-45C8-AAC1-73C5829A35E4}"
EndProject
Global
	GlobalSection(SolutionConfigurationPlatforms) = preSolution
		Debug|Any CPU = Debug|Any CPU
		Release|Any CPU = Release|Any CPU
	EndGlobalSection
	GlobalSection(ProjectConfigurationPlatforms) = postSolution
		{600A3262-FBDD-45C8-AAC1-73C5829A35E4}.Debug|Any CPU.ActiveCfg = Debug|Any CPU
		{600A3262-FBDD-45C8-AAC1-73C5829A35E4}.Debug|Any CPU.Build.0 = Debug|Any CPU
		{600A3262-FBDD-45C8-AAC1-73C5829A35E4}.Release|Any CPU.ActiveCfg = Release|Any CPU
		{600A3262-FBDD-45C8-AAC1-73C5829A35E4}.Release|Any CPU.Build.0 = Release|Any CPU
	EndGlobalSection
	GlobalSection(SolutionProperties) = preSolution
		HideSolutionNode = FALSE
	EndGlobalSection
	GlobalSection(ExtensibilityGlobals) = postSolution
		SolutionGuid = {BE766FF3-FBC7-444E-985C-53CA7B95C14B}
	EndGlobalSection
EndGlobal
